// !$*UTF8*$!
{
	archiveVersion = 1;
	classes = {
	};
	objectVersion = 50;
	objects = {

/* Begin PBXBuildFile section */
		CE5DAFE92281C30900D5F6EC /* AppDelegate.swift in Sources */ = {isa = PBXBuildFile; fileRef = CE5DAFE82281C30900D5F6EC /* AppDelegate.swift */; };
		CE5DAFEE2281C30900D5F6EC /* Main.storyboard in Resources */ = {isa = PBXBuildFile; fileRef = CE5DAFEC2281C30900D5F6EC /* Main.storyboard */; };
		CE5DAFF02281C30D00D5F6EC /* Assets.xcassets in Resources */ = {isa = PBXBuildFile; fileRef = CE5DAFEF2281C30D00D5F6EC /* Assets.xcassets */; };
		CE5DAFF32281C30D00D5F6EC /* LaunchScreen.storyboard in Resources */ = {isa = PBXBuildFile; fileRef = CE5DAFF12281C30D00D5F6EC /* LaunchScreen.storyboard */; };
		CE5DAFFE2281C30E00D5F6EC /* SalesTaxUSATests.swift in Sources */ = {isa = PBXBuildFile; fileRef = CE5DAFFD2281C30E00D5F6EC /* SalesTaxUSATests.swift */; };
		CE5DB0092281C30E00D5F6EC /* SalesTaxUSAUITests.swift in Sources */ = {isa = PBXBuildFile; fileRef = CE5DB0082281C30E00D5F6EC /* SalesTaxUSAUITests.swift */; };
		CE5DB0192281C3EE00D5F6EC /* TaxItem.swift in Sources */ = {isa = PBXBuildFile; fileRef = CE5DB0182281C3EE00D5F6EC /* TaxItem.swift */; };
		CE5DB01B2281C4D800D5F6EC /* TaxServiceManager.swift in Sources */ = {isa = PBXBuildFile; fileRef = CE5DB01A2281C4D800D5F6EC /* TaxServiceManager.swift */; };
		CE5DB0222281D13800D5F6EC /* SalesTaxInputVC.swift in Sources */ = {isa = PBXBuildFile; fileRef = CE5DB0212281D13800D5F6EC /* SalesTaxInputVC.swift */; };
		CE5DB0242281D15100D5F6EC /* SalesTaxInputViewModel.swift in Sources */ = {isa = PBXBuildFile; fileRef = CE5DB0232281D15100D5F6EC /* SalesTaxInputViewModel.swift */; };
		CE5DB0292282D44600D5F6EC /* SalesTaxOutputVC.swift in Sources */ = {isa = PBXBuildFile; fileRef = CE5DB0282282D44600D5F6EC /* SalesTaxOutputVC.swift */; };
		CE5DB02B2282D4D900D5F6EC /* SalesTaxItemCell.swift in Sources */ = {isa = PBXBuildFile; fileRef = CE5DB02A2282D4D900D5F6EC /* SalesTaxItemCell.swift */; };
/* End PBXBuildFile section */

/* Begin PBXContainerItemProxy section */
		CE5DAFFA2281C30E00D5F6EC /* PBXContainerItemProxy */ = {
			isa = PBXContainerItemProxy;
			containerPortal = CE5DAFDD2281C30900D5F6EC /* Project object */;
			proxyType = 1;
			remoteGlobalIDString = CE5DAFE42281C30900D5F6EC;
			remoteInfo = SalesTaxUSA;
		};
		CE5DB0052281C30E00D5F6EC /* PBXContainerItemProxy */ = {
			isa = PBXContainerItemProxy;
			containerPortal = CE5DAFDD2281C30900D5F6EC /* Project object */;
			proxyType = 1;
			remoteGlobalIDString = CE5DAFE42281C30900D5F6EC;
			remoteInfo = SalesTaxUSA;
		};
/* End PBXContainerItemProxy section */

/* Begin PBXFileReference section */
		CE5DAFE52281C30900D5F6EC /* SalesTaxUSA.app */ = {isa = PBXFileReference; explicitFileType = wrapper.application; includeInIndex = 0; path = SalesTaxUSA.app; sourceTree = BUILT_PRODUCTS_DIR; };
		CE5DAFE82281C30900D5F6EC /* AppDelegate.swift */ = {isa = PBXFileReference; lastKnownFileType = sourcecode.swift; path = AppDelegate.swift; sourceTree = "<group>"; };
		CE5DAFED2281C30900D5F6EC /* Base */ = {isa = PBXFileReference; lastKnownFileType = file.storyboard; name = Base; path = Base.lproj/Main.storyboard; sourceTree = "<group>"; };
		CE5DAFEF2281C30D00D5F6EC /* Assets.xcassets */ = {isa = PBXFileReference; lastKnownFileType = folder.assetcatalog; path = Assets.xcassets; sourceTree = "<group>"; };
		CE5DAFF22281C30D00D5F6EC /* Base */ = {isa = PBXFileReference; lastKnownFileType = file.storyboard; name = Base; path = Base.lproj/LaunchScreen.storyboard; sourceTree = "<group>"; };
		CE5DAFF42281C30D00D5F6EC /* Info.plist */ = {isa = PBXFileReference; lastKnownFileType = text.plist.xml; path = Info.plist; sourceTree = "<group>"; };
		CE5DAFF92281C30E00D5F6EC /* SalesTaxUSATests.xctest */ = {isa = PBXFileReference; explicitFileType = wrapper.cfbundle; includeInIndex = 0; path = SalesTaxUSATests.xctest; sourceTree = BUILT_PRODUCTS_DIR; };
		CE5DAFFD2281C30E00D5F6EC /* SalesTaxUSATests.swift */ = {isa = PBXFileReference; lastKnownFileType = sourcecode.swift; path = SalesTaxUSATests.swift; sourceTree = "<group>"; };
		CE5DAFFF2281C30E00D5F6EC /* Info.plist */ = {isa = PBXFileReference; lastKnownFileType = text.plist.xml; path = Info.plist; sourceTree = "<group>"; };
		CE5DB0042281C30E00D5F6EC /* SalesTaxUSAUITests.xctest */ = {isa = PBXFileReference; explicitFileType = wrapper.cfbundle; includeInIndex = 0; path = SalesTaxUSAUITests.xctest; sourceTree = BUILT_PRODUCTS_DIR; };
		CE5DB0082281C30E00D5F6EC /* SalesTaxUSAUITests.swift */ = {isa = PBXFileReference; lastKnownFileType = sourcecode.swift; path = SalesTaxUSAUITests.swift; sourceTree = "<group>"; };
		CE5DB00A2281C30E00D5F6EC /* Info.plist */ = {isa = PBXFileReference; lastKnownFileType = text.plist.xml; path = Info.plist; sourceTree = "<group>"; };
		CE5DB0182281C3EE00D5F6EC /* TaxItem.swift */ = {isa = PBXFileReference; lastKnownFileType = sourcecode.swift; path = TaxItem.swift; sourceTree = "<group>"; };
		CE5DB01A2281C4D800D5F6EC /* TaxServiceManager.swift */ = {isa = PBXFileReference; lastKnownFileType = sourcecode.swift; path = TaxServiceManager.swift; sourceTree = "<group>"; };
		CE5DB0212281D13800D5F6EC /* SalesTaxInputVC.swift */ = {isa = PBXFileReference; lastKnownFileType = sourcecode.swift; path = SalesTaxInputVC.swift; sourceTree = "<group>"; };
		CE5DB0232281D15100D5F6EC /* SalesTaxInputViewModel.swift */ = {isa = PBXFileReference; lastKnownFileType = sourcecode.swift; path = SalesTaxInputViewModel.swift; sourceTree = "<group>"; };
		CE5DB0282282D44600D5F6EC /* SalesTaxOutputVC.swift */ = {isa = PBXFileReference; lastKnownFileType = sourcecode.swift; path = SalesTaxOutputVC.swift; sourceTree = "<group>"; };
		CE5DB02A2282D4D900D5F6EC /* SalesTaxItemCell.swift */ = {isa = PBXFileReference; lastKnownFileType = sourcecode.swift; path = SalesTaxItemCell.swift; sourceTree = "<group>"; };
/* End PBXFileReference section */

/* Begin PBXFrameworksBuildPhase section */
		CE5DAFE22281C30900D5F6EC /* Frameworks */ = {
			isa = PBXFrameworksBuildPhase;
			buildActionMask = 2147483647;
			files = (
			);
			runOnlyForDeploymentPostprocessing = 0;
		};
		CE5DAFF62281C30E00D5F6EC /* Frameworks */ = {
			isa = PBXFrameworksBuildPhase;
			buildActionMask = 2147483647;
			files = (
			);
			runOnlyForDeploymentPostprocessing = 0;
		};
		CE5DB0012281C30E00D5F6EC /* Frameworks */ = {
			isa = PBXFrameworksBuildPhase;
			buildActionMask = 2147483647;
			files = (
			);
			runOnlyForDeploymentPostprocessing = 0;
		};
/* End PBXFrameworksBuildPhase section */

/* Begin PBXGroup section */
		CE5DAFDC2281C30900D5F6EC = {
			isa = PBXGroup;
			children = (
				CE5DAFE72281C30900D5F6EC /* SalesTaxUSA */,
				CE5DAFFC2281C30E00D5F6EC /* SalesTaxUSATests */,
				CE5DB0072281C30E00D5F6EC /* SalesTaxUSAUITests */,
				CE5DAFE62281C30900D5F6EC /* Products */,
			);
			sourceTree = "<group>";
		};
		CE5DAFE62281C30900D5F6EC /* Products */ = {
			isa = PBXGroup;
			children = (
				CE5DAFE52281C30900D5F6EC /* SalesTaxUSA.app */,
				CE5DAFF92281C30E00D5F6EC /* SalesTaxUSATests.xctest */,
				CE5DB0042281C30E00D5F6EC /* SalesTaxUSAUITests.xctest */,
			);
			name = Products;
			sourceTree = "<group>";
		};
		CE5DAFE72281C30900D5F6EC /* SalesTaxUSA */ = {
			isa = PBXGroup;
			children = (
				CE5DB0172281C33F00D5F6EC /* Business */,
				CE5DB0162281C33700D5F6EC /* UI */,
				CE5DAFE82281C30900D5F6EC /* AppDelegate.swift */,
				CE5DAFEC2281C30900D5F6EC /* Main.storyboard */,
				CE5DAFEF2281C30D00D5F6EC /* Assets.xcassets */,
				CE5DAFF12281C30D00D5F6EC /* LaunchScreen.storyboard */,
				CE5DAFF42281C30D00D5F6EC /* Info.plist */,
			);
			path = SalesTaxUSA;
			sourceTree = "<group>";
		};
		CE5DAFFC2281C30E00D5F6EC /* SalesTaxUSATests */ = {
			isa = PBXGroup;
			children = (
				CE5DAFFD2281C30E00D5F6EC /* SalesTaxUSATests.swift */,
				CE5DAFFF2281C30E00D5F6EC /* Info.plist */,
			);
			path = SalesTaxUSATests;
			sourceTree = "<group>";
		};
		CE5DB0072281C30E00D5F6EC /* SalesTaxUSAUITests */ = {
			isa = PBXGroup;
			children = (
				CE5DB0082281C30E00D5F6EC /* SalesTaxUSAUITests.swift */,
				CE5DB00A2281C30E00D5F6EC /* Info.plist */,
			);
			path = SalesTaxUSAUITests;
			sourceTree = "<group>";
		};
		CE5DB0162281C33700D5F6EC /* UI */ = {
			isa = PBXGroup;
			children = (
				CE5DB01D2281D0F000D5F6EC /* Output */,
				CE5DB01C2281D0E500D5F6EC /* Input */,
			);
			path = UI;
			sourceTree = "<group>";
		};
		CE5DB0172281C33F00D5F6EC /* Business */ = {
			isa = PBXGroup;
			children = (
				CE5DB0182281C3EE00D5F6EC /* TaxItem.swift */,
				CE5DB01A2281C4D800D5F6EC /* TaxServiceManager.swift */,
			);
			path = Business;
			sourceTree = "<group>";
		};
		CE5DB01C2281D0E500D5F6EC /* Input */ = {
			isa = PBXGroup;
			children = (
				CE5DB0202281D11B00D5F6EC /* View */,
				CE5DB01F2281D11200D5F6EC /* Controller */,
				CE5DB01E2281D10900D5F6EC /* ViewModel */,
			);
			path = Input;
			sourceTree = "<group>";
		};
		CE5DB01D2281D0F000D5F6EC /* Output */ = {
			isa = PBXGroup;
			children = (
				CE5DB0272282D42300D5F6EC /* ViewModel */,
				CE5DB0262282D41E00D5F6EC /* View */,
				CE5DB0252282D41500D5F6EC /* Controller */,
			);
			path = Output;
			sourceTree = "<group>";
		};
		CE5DB01E2281D10900D5F6EC /* ViewModel */ = {
			isa = PBXGroup;
			children = (
				CE5DB0232281D15100D5F6EC /* SalesTaxInputViewModel.swift */,
			);
			path = ViewModel;
			sourceTree = "<group>";
		};
		CE5DB01F2281D11200D5F6EC /* Controller */ = {
			isa = PBXGroup;
			children = (
				CE5DB0212281D13800D5F6EC /* SalesTaxInputVC.swift */,
			);
			path = Controller;
			sourceTree = "<group>";
		};
		CE5DB0202281D11B00D5F6EC /* View */ = {
			isa = PBXGroup;
			children = (
			);
			path = View;
			sourceTree = "<group>";
		};
		CE5DB0252282D41500D5F6EC /* Controller */ = {
			isa = PBXGroup;
			children = (
				CE5DB0282282D44600D5F6EC /* SalesTaxOutputVC.swift */,
			);
			path = Controller;
			sourceTree = "<group>";
		};
		CE5DB0262282D41E00D5F6EC /* View */ = {
			isa = PBXGroup;
			children = (
				CE5DB02A2282D4D900D5F6EC /* SalesTaxItemCell.swift */,
			);
			path = View;
			sourceTree = "<group>";
		};
		CE5DB0272282D42300D5F6EC /* ViewModel */ = {
			isa = PBXGroup;
			children = (
			);
			path = ViewModel;
			sourceTree = "<group>";
		};
/* End PBXGroup section */

/* Begin PBXNativeTarget section */
		CE5DAFE42281C30900D5F6EC /* SalesTaxUSA */ = {
			isa = PBXNativeTarget;
			buildConfigurationList = CE5DB00D2281C30E00D5F6EC /* Build configuration list for PBXNativeTarget "SalesTaxUSA" */;
			buildPhases = (
				CE5DAFE12281C30900D5F6EC /* Sources */,
				CE5DAFE22281C30900D5F6EC /* Frameworks */,
				CE5DAFE32281C30900D5F6EC /* Resources */,
			);
			buildRules = (
			);
			dependencies = (
			);
			name = SalesTaxUSA;
			productName = SalesTaxUSA;
			productReference = CE5DAFE52281C30900D5F6EC /* SalesTaxUSA.app */;
			productType = "com.apple.product-type.application";
		};
		CE5DAFF82281C30E00D5F6EC /* SalesTaxUSATests */ = {
			isa = PBXNativeTarget;
			buildConfigurationList = CE5DB0102281C30E00D5F6EC /* Build configuration list for PBXNativeTarget "SalesTaxUSATests" */;
			buildPhases = (
				CE5DAFF52281C30E00D5F6EC /* Sources */,
				CE5DAFF62281C30E00D5F6EC /* Frameworks */,
				CE5DAFF72281C30E00D5F6EC /* Resources */,
			);
			buildRules = (
			);
			dependencies = (
				CE5DAFFB2281C30E00D5F6EC /* PBXTargetDependency */,
			);
			name = SalesTaxUSATests;
			productName = SalesTaxUSATests;
			productReference = CE5DAFF92281C30E00D5F6EC /* SalesTaxUSATests.xctest */;
			productType = "com.apple.product-type.bundle.unit-test";
		};
		CE5DB0032281C30E00D5F6EC /* SalesTaxUSAUITests */ = {
			isa = PBXNativeTarget;
			buildConfigurationList = CE5DB0132281C30E00D5F6EC /* Build configuration list for PBXNativeTarget "SalesTaxUSAUITests" */;
			buildPhases = (
				CE5DB0002281C30E00D5F6EC /* Sources */,
				CE5DB0012281C30E00D5F6EC /* Frameworks */,
				CE5DB0022281C30E00D5F6EC /* Resources */,
			);
			buildRules = (
			);
			dependencies = (
				CE5DB0062281C30E00D5F6EC /* PBXTargetDependency */,
			);
			name = SalesTaxUSAUITests;
			productName = SalesTaxUSAUITests;
			productReference = CE5DB0042281C30E00D5F6EC /* SalesTaxUSAUITests.xctest */;
			productType = "com.apple.product-type.bundle.ui-testing";
		};
/* End PBXNativeTarget section */

/* Begin PBXProject section */
		CE5DAFDD2281C30900D5F6EC /* Project object */ = {
			isa = PBXProject;
			attributes = {
				LastSwiftUpdateCheck = 1010;
				LastUpgradeCheck = 1010;
				ORGANIZATIONNAME = "Nagarjuna Madamanchi Ltd";
				TargetAttributes = {
					CE5DAFE42281C30900D5F6EC = {
						CreatedOnToolsVersion = 10.1;
					};
					CE5DAFF82281C30E00D5F6EC = {
						CreatedOnToolsVersion = 10.1;
						TestTargetID = CE5DAFE42281C30900D5F6EC;
					};
					CE5DB0032281C30E00D5F6EC = {
						CreatedOnToolsVersion = 10.1;
						TestTargetID = CE5DAFE42281C30900D5F6EC;
					};
				};
			};
			buildConfigurationList = CE5DAFE02281C30900D5F6EC /* Build configuration list for PBXProject "SalesTaxUSA" */;
			compatibilityVersion = "Xcode 9.3";
			developmentRegion = en;
			hasScannedForEncodings = 0;
			knownRegions = (
				en,
				Base,
			);
			mainGroup = CE5DAFDC2281C30900D5F6EC;
			productRefGroup = CE5DAFE62281C30900D5F6EC /* Products */;
			projectDirPath = "";
			projectRoot = "";
			targets = (
				CE5DAFE42281C30900D5F6EC /* SalesTaxUSA */,
				CE5DAFF82281C30E00D5F6EC /* SalesTaxUSATests */,
				CE5DB0032281C30E00D5F6EC /* SalesTaxUSAUITests */,
			);
		};
/* End PBXProject section */

/* Begin PBXResourcesBuildPhase section */
		CE5DAFE32281C30900D5F6EC /* Resources */ = {
			isa = PBXResourcesBuildPhase;
			buildActionMask = 2147483647;
			files = (
				CE5DAFF32281C30D00D5F6EC /* LaunchScreen.storyboard in Resources */,
				CE5DAFF02281C30D00D5F6EC /* Assets.xcassets in Resources */,
				CE5DAFEE2281C30900D5F6EC /* Main.storyboard in Resources */,
			);
			runOnlyForDeploymentPostprocessing = 0;
		};
		CE5DAFF72281C30E00D5F6EC /* Resources */ = {
			isa = PBXResourcesBuildPhase;
			buildActionMask = 2147483647;
			files = (
			);
			runOnlyForDeploymentPostprocessing = 0;
		};
		CE5DB0022281C30E00D5F6EC /* Resources */ = {
			isa = PBXResourcesBuildPhase;
			buildActionMask = 2147483647;
			files = (
			);
			runOnlyForDeploymentPostprocessing = 0;
		};
/* End PBXResourcesBuildPhase section */

/* Begin PBXSourcesBuildPhase section */
		CE5DAFE12281C30900D5F6EC /* Sources */ = {
			isa = PBXSourcesBuildPhase;
			buildActionMask = 2147483647;
			files = (
				CE5DB0192281C3EE00D5F6EC /* TaxItem.swift in Sources */,
				CE5DB0242281D15100D5F6EC /* SalesTaxInputViewModel.swift in Sources */,
				CE5DB01B2281C4D800D5F6EC /* TaxServiceManager.swift in Sources */,
				CE5DB0222281D13800D5F6EC /* SalesTaxInputVC.swift in Sources */,
				CE5DB0292282D44600D5F6EC /* SalesTaxOutputVC.swift in Sources */,
				CE5DAFE92281C30900D5F6EC /* AppDelegate.swift in Sources */,
				CE5DB02B2282D4D900D5F6EC /* SalesTaxItemCell.swift in Sources */,
			);
			runOnlyForDeploymentPostprocessing = 0;
		};
		CE5DAFF52281C30E00D5F6EC /* Sources */ = {
			isa = PBXSourcesBuildPhase;
			buildActionMask = 2147483647;
			files = (
				CE5DAFFE2281C30E00D5F6EC /* SalesTaxUSATests.swift in Sources */,
			);
			runOnlyForDeploymentPostprocessing = 0;
		};
		CE5DB0002281C30E00D5F6EC /* Sources */ = {
			isa = PBXSourcesBuildPhase;
			buildActionMask = 2147483647;
			files = (
				CE5DB0092281C30E00D5F6EC /* SalesTaxUSAUITests.swift in Sources */,
			);
			runOnlyForDeploymentPostprocessing = 0;
		};
/* End PBXSourcesBuildPhase section */

/* Begin PBXTargetDependency section */
		CE5DAFFB2281C30E00D5F6EC /* PBXTargetDependency */ = {
			isa = PBXTargetDependency;
			target = CE5DAFE42281C30900D5F6EC /* SalesTaxUSA */;
			targetProxy = CE5DAFFA2281C30E00D5F6EC /* PBXContainerItemProxy */;
		};
		CE5DB0062281C30E00D5F6EC /* PBXTargetDependency */ = {
			isa = PBXTargetDependency;
			target = CE5DAFE42281C30900D5F6EC /* SalesTaxUSA */;
			targetProxy = CE5DB0052281C30E00D5F6EC /* PBXContainerItemProxy */;
		};
/* End PBXTargetDependency section */

/* Begin PBXVariantGroup section */
		CE5DAFEC2281C30900D5F6EC /* Main.storyboard */ = {
			isa = PBXVariantGroup;
			children = (
				CE5DAFED2281C30900D5F6EC /* Base */,
			);
			name = Main.storyboard;
			sourceTree = "<group>";
		};
		CE5DAFF12281C30D00D5F6EC /* LaunchScreen.storyboard */ = {
			isa = PBXVariantGroup;
			children = (
				CE5DAFF22281C30D00D5F6EC /* Base */,
			);
			name = LaunchScreen.storyboard;
			sourceTree = "<group>";
		};
/* End PBXVariantGroup section */

/* Begin XCBuildConfiguration section */
		CE5DB00B2281C30E00D5F6EC /* Debug */ = {
			isa = XCBuildConfiguration;
			buildSettings = {
				ALWAYS_SEARCH_USER_PATHS = NO;
				CLANG_ANALYZER_NONNULL = YES;
				CLANG_ANALYZER_NUMBER_OBJECT_CONVERSION = YES_AGGRESSIVE;
				CLANG_CXX_LANGUAGE_STANDARD = "gnu++14";
				CLANG_CXX_LIBRARY = "libc++";
				CLANG_ENABLE_MODULES = YES;
				CLANG_ENABLE_OBJC_ARC = YES;
				CLANG_ENABLE_OBJC_WEAK = YES;
				CLANG_WARN_BLOCK_CAPTURE_AUTORELEASING = YES;
				CLANG_WARN_BOOL_CONVERSION = YES;
				CLANG_WARN_COMMA = YES;
				CLANG_WARN_CONSTANT_CONVERSION = YES;
				CLANG_WARN_DEPRECATED_OBJC_IMPLEMENTATIONS = YES;
				CLANG_WARN_DIRECT_OBJC_ISA_USAGE = YES_ERROR;
				CLANG_WARN_DOCUMENTATION_COMMENTS = YES;
				CLANG_WARN_EMPTY_BODY = YES;
				CLANG_WARN_ENUM_CONVERSION = YES;
				CLANG_WARN_INFINITE_RECURSION = YES;
				CLANG_WARN_INT_CONVERSION = YES;
				CLANG_WARN_NON_LITERAL_NULL_CONVERSION = YES;
				CLANG_WARN_OBJC_IMPLICIT_RETAIN_SELF = YES;
				CLANG_WARN_OBJC_LITERAL_CONVERSION = YES;
				CLANG_WARN_OBJC_ROOT_CLASS = YES_ERROR;
				CLANG_WARN_RANGE_LOOP_ANALYSIS = YES;
				CLANG_WARN_STRICT_PROTOTYPES = YES;
				CLANG_WARN_SUSPICIOUS_MOVE = YES;
				CLANG_WARN_UNGUARDED_AVAILABILITY = YES_AGGRESSIVE;
				CLANG_WARN_UNREACHABLE_CODE = YES;
				CLANG_WARN__DUPLICATE_METHOD_MATCH = YES;
				CODE_SIGN_IDENTITY = "iPhone Developer";
				COPY_PHASE_STRIP = NO;
				DEBUG_INFORMATION_FORMAT = dwarf;
				ENABLE_STRICT_OBJC_MSGSEND = YES;
				ENABLE_TESTABILITY = YES;
				GCC_C_LANGUAGE_STANDARD = gnu11;
				GCC_DYNAMIC_NO_PIC = NO;
				GCC_NO_COMMON_BLOCKS = YES;
				GCC_OPTIMIZATION_LEVEL = 0;
				GCC_PREPROCESSOR_DEFINITIONS = (
					"DEBUG=1",
					"$(inherited)",
				);
				GCC_WARN_64_TO_32_BIT_CONVERSION = YES;
				GCC_WARN_ABOUT_RETURN_TYPE = YES_ERROR;
				GCC_WARN_UNDECLARED_SELECTOR = YES;
				GCC_WARN_UNINITIALIZED_AUTOS = YES_AGGRESSIVE;
				GCC_WARN_UNUSED_FUNCTION = YES;
				GCC_WARN_UNUSED_VARIABLE = YES;
				IPHONEOS_DEPLOYMENT_TARGET = 12.1;
				MTL_ENABLE_DEBUG_INFO = INCLUDE_SOURCE;
				MTL_FAST_MATH = YES;
				ONLY_ACTIVE_ARCH = YES;
				SDKROOT = iphoneos;
				SWIFT_ACTIVE_COMPILATION_CONDITIONS = DEBUG;
				SWIFT_OPTIMIZATION_LEVEL = "-Onone";
			};
			name = Debug;
		};
		CE5DB00C2281C30E00D5F6EC /* Release */ = {
			isa = XCBuildConfiguration;
			buildSettings = {
				ALWAYS_SEARCH_USER_PATHS = NO;
				CLANG_ANALYZER_NONNULL = YES;
				CLANG_ANALYZER_NUMBER_OBJECT_CONVERSION = YES_AGGRESSIVE;
				CLANG_CXX_LANGUAGE_STANDARD = "gnu++14";
				CLANG_CXX_LIBRARY = "libc++";
				CLANG_ENABLE_MODULES = YES;
				CLANG_ENABLE_OBJC_ARC = YES;
				CLANG_ENABLE_OBJC_WEAK = YES;
				CLANG_WARN_BLOCK_CAPTURE_AUTORELEASING = YES;
				CLANG_WARN_BOOL_CONVERSION = YES;
				CLANG_WARN_COMMA = YES;
				CLANG_WARN_CONSTANT_CONVERSION = YES;
				CLANG_WARN_DEPRECATED_OBJC_IMPLEMENTATIONS = YES;
				CLANG_WARN_DIRECT_OBJC_ISA_USAGE = YES_ERROR;
				CLANG_WARN_DOCUMENTATION_COMMENTS = YES;
				CLANG_WARN_EMPTY_BODY = YES;
				CLANG_WARN_ENUM_CONVERSION = YES;
				CLANG_WARN_INFINITE_RECURSION = YES;
				CLANG_WARN_INT_CONVERSION = YES;
				CLANG_WARN_NON_LITERAL_NULL_CONVERSION = YES;
				CLANG_WARN_OBJC_IMPLICIT_RETAIN_SELF = YES;
				CLANG_WARN_OBJC_LITERAL_CONVERSION = YES;
				CLANG_WARN_OBJC_ROOT_CLASS = YES_ERROR;
				CLANG_WARN_RANGE_LOOP_ANALYSIS = YES;
				CLANG_WARN_STRICT_PROTOTYPES = YES;
				CLANG_WARN_SUSPICIOUS_MOVE = YES;
				CLANG_WARN_UNGUARDED_AVAILABILITY = YES_AGGRESSIVE;
				CLANG_WARN_UNREACHABLE_CODE = YES;
				CLANG_WARN__DUPLICATE_METHOD_MATCH = YES;
				CODE_SIGN_IDENTITY = "iPhone Developer";
				COPY_PHASE_STRIP = NO;
				DEBUG_INFORMATION_FORMAT = "dwarf-with-dsym";
				ENABLE_NS_ASSERTIONS = NO;
				ENABLE_STRICT_OBJC_MSGSEND = YES;
				GCC_C_LANGUAGE_STANDARD = gnu11;
				GCC_NO_COMMON_BLOCKS = YES;
				GCC_WARN_64_TO_32_BIT_CONVERSION = YES;
				GCC_WARN_ABOUT_RETURN_TYPE = YES_ERROR;
				GCC_WARN_UNDECLARED_SELECTOR = YES;
				GCC_WARN_UNINITIALIZED_AUTOS = YES_AGGRESSIVE;
				GCC_WARN_UNUSED_FUNCTION = YES;
				GCC_WARN_UNUSED_VARIABLE = YES;
				IPHONEOS_DEPLOYMENT_TARGET = 12.1;
				MTL_ENABLE_DEBUG_INFO = NO;
				MTL_FAST_MATH = YES;
				SDKROOT = iphoneos;
				SWIFT_COMPILATION_MODE = wholemodule;
				SWIFT_OPTIMIZATION_LEVEL = "-O";
				VALIDATE_PRODUCT = YES;
			};
			name = Release;
		};
		CE5DB00E2281C30E00D5F6EC /* Debug */ = {
			isa = XCBuildConfiguration;
			buildSettings = {
				ASSETCATALOG_COMPILER_APPICON_NAME = AppIcon;
				CODE_SIGN_STYLE = Automatic;
				INFOPLIST_FILE = SalesTaxUSA/Info.plist;
				LD_RUNPATH_SEARCH_PATHS = (
					"$(inherited)",
					"@executable_path/Frameworks",
				);
				PRODUCT_BUNDLE_IDENTIFIER = com.nagarjuna.ios.SalesTaxUSA;
				PRODUCT_NAME = "$(TARGET_NAME)";
				SWIFT_VERSION = 4.2;
				TARGETED_DEVICE_FAMILY = "1,2";
			};
			name = Debug;
		};
		CE5DB00F2281C30E00D5F6EC /* Release */ = {
			isa = XCBuildConfiguration;
			buildSettings = {
				ASSETCATALOG_COMPILER_APPICON_NAME = AppIcon;
				CODE_SIGN_STYLE = Automatic;
				INFOPLIST_FILE = SalesTaxUSA/Info.plist;
				LD_RUNPATH_SEARCH_PATHS = (
					"$(inherited)",
					"@executable_path/Frameworks",
				);
				PRODUCT_BUNDLE_IDENTIFIER = com.nagarjuna.ios.SalesTaxUSA;
				PRODUCT_NAME = "$(TARGET_NAME)";
				SWIFT_VERSION = 4.2;
				TARGETED_DEVICE_FAMILY = "1,2";
			};
			name = Release;
		};
		CE5DB0112281C30E00D5F6EC /* Debug */ = {
			isa = XCBuildConfiguration;
			buildSettings = {
				ALWAYS_EMBED_SWIFT_STANDARD_LIBRARIES = YES;
				BUNDLE_LOADER = "$(TEST_HOST)";
				CODE_SIGN_STYLE = Automatic;
				INFOPLIST_FILE = SalesTaxUSATests/Info.plist;
				LD_RUNPATH_SEARCH_PATHS = (
					"$(inherited)",
					"@executable_path/Frameworks",
					"@loader_path/Frameworks",
				);
				PRODUCT_BUNDLE_IDENTIFIER = com.nagarjuna.ios.SalesTaxUSATests;
				PRODUCT_NAME = "$(TARGET_NAME)";
				SWIFT_VERSION = 4.2;
				TARGETED_DEVICE_FAMILY = "1,2";
				TEST_HOST = "$(BUILT_PRODUCTS_DIR)/SalesTaxUSA.app/SalesTaxUSA";
			};
			name = Debug;
		};
		CE5DB0122281C30E00D5F6EC /* Release */ = {
			isa = XCBuildConfiguration;
			buildSettings = {
				ALWAYS_EMBED_SWIFT_STANDARD_LIBRARIES = YES;
				BUNDLE_LOADER = "$(TEST_HOST)";
				CODE_SIGN_STYLE = Automatic;
				INFOPLIST_FILE = SalesTaxUSATests/Info.plist;
				LD_RUNPATH_SEARCH_PATHS = (
					"$(inherited)",
					"@executable_path/Frameworks",
					"@loader_path/Frameworks",
				);
				PRODUCT_BUNDLE_IDENTIFIER = com.nagarjuna.ios.SalesTaxUSATests;
				PRODUCT_NAME = "$(TARGET_NAME)";
				SWIFT_VERSION = 4.2;
				TARGETED_DEVICE_FAMILY = "1,2";
				TEST_HOST = "$(BUILT_PRODUCTS_DIR)/SalesTaxUSA.app/SalesTaxUSA";
			};
			name = Release;
		};
		CE5DB0142281C30E00D5F6EC /* Debug */ = {
			isa = XCBuildConfiguration;
			buildSettings = {
				ALWAYS_EMBED_SWIFT_STANDARD_LIBRARIES = YES;
				CODE_SIGN_STYLE = Automatic;
				INFOPLIST_FILE = SalesTaxUSAUITests/Info.plist;
				LD_RUNPATH_SEARCH_PATHS = (
					"$(inherited)",
					"@executable_path/Frameworks",
					"@loader_path/Frameworks",
				);
				PRODUCT_BUNDLE_IDENTIFIER = com.nagarjuna.ios.SalesTaxUSAUITests;
				PRODUCT_NAME = "$(TARGET_NAME)";
				SWIFT_VERSION = 4.2;
				TARGETED_DEVICE_FAMILY = "1,2";
				TEST_TARGET_NAME = SalesTaxUSA;
			};
			name = Debug;
		};
		CE5DB0152281C30E00D5F6EC /* Release */ = {
			isa = XCBuildConfiguration;
			buildSettings = {
				ALWAYS_EMBED_SWIFT_STANDARD_LIBRARIES = YES;
				CODE_SIGN_STYLE = Automatic;
				INFOPLIST_FILE = SalesTaxUSAUITests/Info.plist;
				LD_RUNPATH_SEARCH_PATHS = (
					"$(inherited)",
					"@executable_path/Frameworks",
					"@loader_path/Frameworks",
				);
				PRODUCT_BUNDLE_IDENTIFIER = com.nagarjuna.ios.SalesTaxUSAUITests;
				PRODUCT_NAME = "$(TARGET_NAME)";
				SWIFT_VERSION = 4.2;
				TARGETED_DEVICE_FAMILY = "1,2";
				TEST_TARGET_NAME = SalesTaxUSA;
			};
			name = Release;
		};
/* End XCBuildConfiguration section */

/* Begin XCConfigurationList section */
		CE5DAFE02281C30900D5F6EC /* Build configuration list for PBXProject "SalesTaxUSA" */ = {
			isa = XCConfigurationList;
			buildConfigurations = (
				CE5DB00B2281C30E00D5F6EC /* Debug */,
				CE5DB00C2281C30E00D5F6EC /* Release */,
			);
			defaultConfigurationIsVisible = 0;
			defaultConfigurationName = Release;
		};
		CE5DB00D2281C30E00D5F6EC /* Build configuration list for PBXNativeTarget "SalesTaxUSA" */ = {
			isa = XCConfigurationList;
			buildConfigurations = (
				CE5DB00E2281C30E00D5F6EC /* Debug */,
				CE5DB00F2281C30E00D5F6EC /* Release */,
			);
			defaultConfigurationIsVisible = 0;
			defaultConfigurationName = Release;
		};
		CE5DB0102281C30E00D5F6EC /* Build configuration list for PBXNativeTarget "SalesTaxUSATests" */ = {
			isa = XCConfigurationList;
			buildConfigurations = (
				CE5DB0112281C30E00D5F6EC /* Debug */,
				CE5DB0122281C30E00D5F6EC /* Release */,
			);
			defaultConfigurationIsVisible = 0;
			defaultConfigurationName = Release;
		};
		CE5DB0132281C30E00D5F6EC /* Build configuration list for PBXNativeTarget "SalesTaxUSAUITests" */ = {
			isa = XCConfigurationList;
			buildConfigurations = (
				CE5DB0142281C30E00D5F6EC /* Debug */,
				CE5DB0152281C30E00D5F6EC /* Release */,
			);
			defaultConfigurationIsVisible = 0;
			defaultConfigurationName = Release;
		};
/* End XCConfigurationList section */
	};
	rootObject = CE5DAFDD2281C30900D5F6EC /* Project object */;
}
